// !$*UTF8*$!
{
	archiveVersion = 1;
	classes = {
	};
	objectVersion = 51;
	objects = {

/* Begin PBXBuildFile section */
		6296192B8AB440D128FCF409 /* Pods_LoggerDemo.framework in Frameworks */ = {isa = PBXBuildFile; fileRef = 2614A2B9482D9672260C3B98 /* Pods_LoggerDemo.framework */; };
		8F7475E62304E487006C1EC0 /* AppDelegate.m in Sources */ = {isa = PBXBuildFile; fileRef = 8F7475E52304E487006C1EC0 /* AppDelegate.m */; };
		8F7475E92304E487006C1EC0 /* ViewController.m in Sources */ = {isa = PBXBuildFile; fileRef = 8F7475E82304E487006C1EC0 /* ViewController.m */; };
		8F7475EC2304E487006C1EC0 /* Main.storyboard in Resources */ = {isa = PBXBuildFile; fileRef = 8F7475EA2304E487006C1EC0 /* Main.storyboard */; };
		8F7475EE2304E48A006C1EC0 /* Assets.xcassets in Resources */ = {isa = PBXBuildFile; fileRef = 8F7475ED2304E48A006C1EC0 /* Assets.xcassets */; };
		8F7475F12304E48A006C1EC0 /* LaunchScreen.storyboard in Resources */ = {isa = PBXBuildFile; fileRef = 8F7475EF2304E48A006C1EC0 /* LaunchScreen.storyboard */; };
		8F7475F42304E48A006C1EC0 /* main.m in Sources */ = {isa = PBXBuildFile; fileRef = 8F7475F32304E48A006C1EC0 /* main.m */; };
		8F7475FD2304E528006C1EC0 /* DebugLogger.m in Sources */ = {isa = PBXBuildFile; fileRef = 8F7475FC2304E528006C1EC0 /* DebugLogger.m */; };
/* End PBXBuildFile section */

/* Begin PBXFileReference section */
		0221616BA7063C3E15A212E7 /* Pods-LoggerDemo.release.xcconfig */ = {isa = PBXFileReference; includeInIndex = 1; lastKnownFileType = text.xcconfig; name = "Pods-LoggerDemo.release.xcconfig"; path = "Target Support Files/Pods-LoggerDemo/Pods-LoggerDemo.release.xcconfig"; sourceTree = "<group>"; };
		2614A2B9482D9672260C3B98 /* Pods_LoggerDemo.framework */ = {isa = PBXFileReference; explicitFileType = wrapper.framework; includeInIndex = 0; path = Pods_LoggerDemo.framework; sourceTree = BUILT_PRODUCTS_DIR; };
		5512C7F66D1B9448035016B4 /* Pods-LoggerDemo.debug.xcconfig */ = {isa = PBXFileReference; includeInIndex = 1; lastKnownFileType = text.xcconfig; name = "Pods-LoggerDemo.debug.xcconfig"; path = "Target Support Files/Pods-LoggerDemo/Pods-LoggerDemo.debug.xcconfig"; sourceTree = "<group>"; };
		8F7475E12304E487006C1EC0 /* LoggerDemo.app */ = {isa = PBXFileReference; explicitFileType = wrapper.application; includeInIndex = 0; path = LoggerDemo.app; sourceTree = BUILT_PRODUCTS_DIR; };
		8F7475E42304E487006C1EC0 /* AppDelegate.h */ = {isa = PBXFileReference; lastKnownFileType = sourcecode.c.h; path = AppDelegate.h; sourceTree = "<group>"; };
		8F7475E52304E487006C1EC0 /* AppDelegate.m */ = {isa = PBXFileReference; lastKnownFileType = sourcecode.c.objc; path = AppDelegate.m; sourceTree = "<group>"; };
		8F7475E72304E487006C1EC0 /* ViewController.h */ = {isa = PBXFileReference; lastKnownFileType = sourcecode.c.h; path = ViewController.h; sourceTree = "<group>"; };
		8F7475E82304E487006C1EC0 /* ViewController.m */ = {isa = PBXFileReference; lastKnownFileType = sourcecode.c.objc; path = ViewController.m; sourceTree = "<group>"; };
		8F7475EB2304E487006C1EC0 /* Base */ = {isa = PBXFileReference; lastKnownFileType = file.storyboard; name = Base; path = Base.lproj/Main.storyboard; sourceTree = "<group>"; };
		8F7475ED2304E48A006C1EC0 /* Assets.xcassets */ = {isa = PBXFileReference; lastKnownFileType = folder.assetcatalog; path = Assets.xcassets; sourceTree = "<group>"; };
		8F7475F02304E48A006C1EC0 /* Base */ = {isa = PBXFileReference; lastKnownFileType = file.storyboard; name = Base; path = Base.lproj/LaunchScreen.storyboard; sourceTree = "<group>"; };
		8F7475F22304E48A006C1EC0 /* Info.plist */ = {isa = PBXFileReference; lastKnownFileType = text.plist.xml; path = Info.plist; sourceTree = "<group>"; };
		8F7475F32304E48A006C1EC0 /* main.m */ = {isa = PBXFileReference; lastKnownFileType = sourcecode.c.objc; path = main.m; sourceTree = "<group>"; };
		8F7475FB2304E528006C1EC0 /* DebugLogger.h */ = {isa = PBXFileReference; fileEncoding = 4; lastKnownFileType = sourcecode.c.h; path = DebugLogger.h; sourceTree = "<group>"; };
		8F7475FC2304E528006C1EC0 /* DebugLogger.m */ = {isa = PBXFileReference; fileEncoding = 4; lastKnownFileType = sourcecode.c.objc; path = DebugLogger.m; sourceTree = "<group>"; };
/* End PBXFileReference section */

/* Begin PBXFrameworksBuildPhase section */
		8F7475DE2304E487006C1EC0 /* Frameworks */ = {
			isa = PBXFrameworksBuildPhase;
			buildActionMask = 2147483647;
			files = (
				6296192B8AB440D128FCF409 /* Pods_LoggerDemo.framework in Frameworks */,
			);
			runOnlyForDeploymentPostprocessing = 0;
		};
/* End PBXFrameworksBuildPhase section */

/* Begin PBXGroup section */
		1A85C8CDD2E57B5E2C5C0A66 /* Pods */ = {
			isa = PBXGroup;
			children = (
				5512C7F66D1B9448035016B4 /* Pods-LoggerDemo.debug.xcconfig */,
				0221616BA7063C3E15A212E7 /* Pods-LoggerDemo.release.xcconfig */,
			);
			path = Pods;
			sourceTree = "<group>";
		};
		8F7475D82304E487006C1EC0 = {
			isa = PBXGroup;
			children = (
				8F7475E32304E487006C1EC0 /* LoggerDemo */,
				8F7475E22304E487006C1EC0 /* Products */,
				1A85C8CDD2E57B5E2C5C0A66 /* Pods */,
				BD874385081815E19F45865B /* Frameworks */,
			);
			sourceTree = "<group>";
		};
		8F7475E22304E487006C1EC0 /* Products */ = {
			isa = PBXGroup;
			children = (
				8F7475E12304E487006C1EC0 /* LoggerDemo.app */,
			);
			name = Products;
			sourceTree = "<group>";
		};
		8F7475E32304E487006C1EC0 /* LoggerDemo */ = {
			isa = PBXGroup;
			children = (
				8F7475E42304E487006C1EC0 /* AppDelegate.h */,
				8F7475E52304E487006C1EC0 /* AppDelegate.m */,
				8F7475ED2304E48A006C1EC0 /* Assets.xcassets */,
				8F7475FA2304E50E006C1EC0 /* DebugLogger */,
				8F7475F22304E48A006C1EC0 /* Info.plist */,
				8F7475EF2304E48A006C1EC0 /* LaunchScreen.storyboard */,
				8F7475F32304E48A006C1EC0 /* main.m */,
				8F7475EA2304E487006C1EC0 /* Main.storyboard */,
				8F7475E72304E487006C1EC0 /* ViewController.h */,
				8F7475E82304E487006C1EC0 /* ViewController.m */,
			);
			path = LoggerDemo;
			sourceTree = "<group>";
		};
		8F7475FA2304E50E006C1EC0 /* DebugLogger */ = {
			isa = PBXGroup;
			children = (
				8F7475FB2304E528006C1EC0 /* DebugLogger.h */,
				8F7475FC2304E528006C1EC0 /* DebugLogger.m */,
			);
			path = DebugLogger;
			sourceTree = "<group>";
		};
		BD874385081815E19F45865B /* Frameworks */ = {
			isa = PBXGroup;
			children = (
				2614A2B9482D9672260C3B98 /* Pods_LoggerDemo.framework */,
			);
			name = Frameworks;
			sourceTree = "<group>";
		};
/* End PBXGroup section */

/* Begin PBXNativeTarget section */
		8F7475E02304E487006C1EC0 /* LoggerDemo */ = {
			isa = PBXNativeTarget;
			buildConfigurationList = 8F7475F72304E48A006C1EC0 /* Build configuration list for PBXNativeTarget "LoggerDemo" */;
			buildPhases = (
				7EC5D371F15F0D9C28DA6708 /* [CP] Check Pods Manifest.lock */,
				8F7475DD2304E487006C1EC0 /* Sources */,
				8F7475DE2304E487006C1EC0 /* Frameworks */,
				8F7475DF2304E487006C1EC0 /* Resources */,
				27B4B53B1DB01D46CB6B3A89 /* [CP] Embed Pods Frameworks */,
			);
			buildRules = (
			);
			dependencies = (
			);
			name = LoggerDemo;
			productName = LoggerDemo;
			productReference = 8F7475E12304E487006C1EC0 /* LoggerDemo.app */;
			productType = "com.apple.product-type.application";
		};
/* End PBXNativeTarget section */

/* Begin PBXProject section */
		8F7475D92304E487006C1EC0 /* Project object */ = {
			isa = PBXProject;
			attributes = {
				LastUpgradeCheck = 1030;
				ORGANIZATIONNAME = Phineas;
				TargetAttributes = {
					8F7475E02304E487006C1EC0 = {
						CreatedOnToolsVersion = 10.3;
					};
				};
			};
			buildConfigurationList = 8F7475DC2304E487006C1EC0 /* Build configuration list for PBXProject "LoggerDemo" */;
			compatibilityVersion = "Xcode 9.3";
			developmentRegion = en;
			hasScannedForEncodings = 0;
			knownRegions = (
				en,
				Base,
			);
			mainGroup = 8F7475D82304E487006C1EC0;
			productRefGroup = 8F7475E22304E487006C1EC0 /* Products */;
			projectDirPath = "";
			projectRoot = "";
			targets = (
				8F7475E02304E487006C1EC0 /* LoggerDemo */,
			);
		};
/* End PBXProject section */

/* Begin PBXResourcesBuildPhase section */
		8F7475DF2304E487006C1EC0 /* Resources */ = {
			isa = PBXResourcesBuildPhase;
			buildActionMask = 2147483647;
			files = (
				8F7475F12304E48A006C1EC0 /* LaunchScreen.storyboard in Resources */,
				8F7475EE2304E48A006C1EC0 /* Assets.xcassets in Resources */,
				8F7475EC2304E487006C1EC0 /* Main.storyboard in Resources */,
			);
			runOnlyForDeploymentPostprocessing = 0;
		};
/* End PBXResourcesBuildPhase section */

/* Begin PBXShellScriptBuildPhase section */
		27B4B53B1DB01D46CB6B3A89 /* [CP] Embed Pods Frameworks */ = {
			isa = PBXShellScriptBuildPhase;
			buildActionMask = 2147483647;
			files = (
			);
			inputFileListPaths = (
				"${PODS_ROOT}/Target Support Files/Pods-LoggerDemo/Pods-LoggerDemo-frameworks-${CONFIGURATION}-input-files.xcfilelist",
			);
			name = "[CP] Embed Pods Frameworks";
			outputFileListPaths = (
				"${PODS_ROOT}/Target Support Files/Pods-LoggerDemo/Pods-LoggerDemo-frameworks-${CONFIGURATION}-output-files.xcfilelist",
			);
			runOnlyForDeploymentPostprocessing = 0;
			shellPath = /bin/sh;
			shellScript = "\"${PODS_ROOT}/Target Support Files/Pods-LoggerDemo/Pods-LoggerDemo-frameworks.sh\"\n";
			showEnvVarsInLog = 0;
		};
		7EC5D371F15F0D9C28DA6708 /* [CP] Check Pods Manifest.lock */ = {
			isa = PBXShellScriptBuildPhase;
			buildActionMask = 2147483647;
			files = (
			);
			inputFileListPaths = (
			);
			inputPaths = (
				"${PODS_PODFILE_DIR_PATH}/Podfile.lock",
				"${PODS_ROOT}/Manifest.lock",
			);
			name = "[CP] Check Pods Manifest.lock";
			outputFileListPaths = (
			);
			outputPaths = (
				"$(DERIVED_FILE_DIR)/Pods-LoggerDemo-checkManifestLockResult.txt",
			);
			runOnlyForDeploymentPostprocessing = 0;
			shellPath = /bin/sh;
			shellScript = "diff \"${PODS_PODFILE_DIR_PATH}/Podfile.lock\" \"${PODS_ROOT}/Manifest.lock\" > /dev/null\nif [ $? != 0 ] ; then\n    # print error to STDERR\n    echo \"error: The sandbox is not in sync with the Podfile.lock. Run 'pod install' or update your CocoaPods installation.\" >&2\n    exit 1\nfi\n# This output is used by Xcode 'outputs' to avoid re-running this script phase.\necho \"SUCCESS\" > \"${SCRIPT_OUTPUT_FILE_0}\"\n";
			showEnvVarsInLog = 0;
		};
/* End PBXShellScriptBuildPhase section */

/* Begin PBXSourcesBuildPhase section */
		8F7475DD2304E487006C1EC0 /* Sources */ = {
			isa = PBXSourcesBuildPhase;
			buildActionMask = 2147483647;
			files = (
				8F7475E92304E487006C1EC0 /* ViewController.m in Sources */,
				8F7475F42304E48A006C1EC0 /* main.m in Sources */,
				8F7475E62304E487006C1EC0 /* AppDelegate.m in Sources */,
				8F7475FD2304E528006C1EC0 /* DebugLogger.m in Sources */,
			);
			runOnlyForDeploymentPostprocessing = 0;
		};
/* End PBXSourcesBuildPhase section */

/* Begin PBXVariantGroup section */
		8F7475EA2304E487006C1EC0 /* Main.storyboard */ = {
			isa = PBXVariantGroup;
			children = (
				8F7475EB2304E487006C1EC0 /* Base */,
			);
			name = Main.storyboard;
			sourceTree = "<group>";
		};
		8F7475EF2304E48A006C1EC0 /* LaunchScreen.storyboard */ = {
			isa = PBXVariantGroup;
			children = (
				8F7475F02304E48A006C1EC0 /* Base */,
			);
			name = LaunchScreen.storyboard;
			sourceTree = "<group>";
		};
/* End PBXVariantGroup section */

/* Begin XCBuildConfiguration section */
		8F7475F52304E48A006C1EC0 /* Debug */ = {
			isa = XCBuildConfiguration;
			buildSettings = {
				ALWAYS_SEARCH_USER_PATHS = NO;
				CLANG_ANALYZER_NONNULL = YES;
				CLANG_ANALYZER_NUMBER_OBJECT_CONVERSION = YES_AGGRESSIVE;
				CLANG_CXX_LANGUAGE_STANDARD = "gnu++14";
				CLANG_CXX_LIBRARY = "libc++";
				CLANG_ENABLE_MODULES = YES;
				CLANG_ENABLE_OBJC_ARC = YES;
				CLANG_ENABLE_OBJC_WEAK = YES;
				CLANG_WARN_BLOCK_CAPTURE_AUTORELEASING = YES;
				CLANG_WARN_BOOL_CONVERSION = YES;
				CLANG_WARN_COMMA = YES;
				CLANG_WARN_CONSTANT_CONVERSION = YES;
				CLANG_WARN_DEPRECATED_OBJC_IMPLEMENTATIONS = YES;
				CLANG_WARN_DIRECT_OBJC_ISA_USAGE = YES_ERROR;
				CLANG_WARN_DOCUMENTATION_COMMENTS = YES;
				CLANG_WARN_EMPTY_BODY = YES;
				CLANG_WARN_ENUM_CONVERSION = YES;
				CLANG_WARN_INFINITE_RECURSION = YES;
				CLANG_WARN_INT_CONVERSION = YES;
				CLANG_WARN_NON_LITERAL_NULL_CONVERSION = YES;
				CLANG_WARN_OBJC_IMPLICIT_RETAIN_SELF = YES;
				CLANG_WARN_OBJC_LITERAL_CONVERSION = YES;
				CLANG_WARN_OBJC_ROOT_CLASS = YES_ERROR;
				CLANG_WARN_RANGE_LOOP_ANALYSIS = YES;
				CLANG_WARN_STRICT_PROTOTYPES = YES;
				CLANG_WARN_SUSPICIOUS_MOVE = YES;
				CLANG_WARN_UNGUARDED_AVAILABILITY = YES_AGGRESSIVE;
				CLANG_WARN_UNREACHABLE_CODE = YES;
				CLANG_WARN__DUPLICATE_METHOD_MATCH = YES;
				CODE_SIGN_IDENTITY = "iPhone Developer";
				COPY_PHASE_STRIP = NO;
				DEBUG_INFORMATION_FORMAT = dwarf;
				ENABLE_STRICT_OBJC_MSGSEND = YES;
				ENABLE_TESTABILITY = YES;
				GCC_C_LANGUAGE_STANDARD = gnu11;
				GCC_DYNAMIC_NO_PIC = NO;
				GCC_NO_COMMON_BLOCKS = YES;
				GCC_OPTIMIZATION_LEVEL = 0;
				GCC_PREPROCESSOR_DEFINITIONS = (
					"DEBUG=1",
					"$(inherited)",
				);
				GCC_WARN_64_TO_32_BIT_CONVERSION = YES;
				GCC_WARN_ABOUT_RETURN_TYPE = YES_ERROR;
				GCC_WARN_UNDECLARED_SELECTOR = YES;
				GCC_WARN_UNINITIALIZED_AUTOS = YES_AGGRESSIVE;
				GCC_WARN_UNUSED_FUNCTION = YES;
				GCC_WARN_UNUSED_VARIABLE = YES;
				IPHONEOS_DEPLOYMENT_TARGET = 12.4;
				MTL_ENABLE_DEBUG_INFO = INCLUDE_SOURCE;
				MTL_FAST_MATH = YES;
				ONLY_ACTIVE_ARCH = YES;
				SDKROOT = iphoneos;
			};
			name = Debug;
		};
		8F7475F62304E48A006C1EC0 /* Release */ = {
			isa = XCBuildConfiguration;
			buildSettings = {
				ALWAYS_SEARCH_USER_PATHS = NO;
				CLANG_ANALYZER_NONNULL = YES;
				CLANG_ANALYZER_NUMBER_OBJECT_CONVERSION = YES_AGGRESSIVE;
				CLANG_CXX_LANGUAGE_STANDARD = "gnu++14";
				CLANG_CXX_LIBRARY = "libc++";
				CLANG_ENABLE_MODULES = YES;
				CLANG_ENABLE_OBJC_ARC = YES;
				CLANG_ENABLE_OBJC_WEAK = YES;
				CLANG_WARN_BLOCK_CAPTURE_AUTORELEASING = YES;
				CLANG_WARN_BOOL_CONVERSION = YES;
				CLANG_WARN_COMMA = YES;
				CLANG_WARN_CONSTANT_CONVERSION = YES;
				CLANG_WARN_DEPRECATED_OBJC_IMPLEMENTATIONS = YES;
				CLANG_WARN_DIRECT_OBJC_ISA_USAGE = YES_ERROR;
				CLANG_WARN_DOCUMENTATION_COMMENTS = YES;
				CLANG_WARN_EMPTY_BODY = YES;
				CLANG_WARN_ENUM_CONVERSION = YES;
				CLANG_WARN_INFINITE_RECURSION = YES;
				CLANG_WARN_INT_CONVERSION = YES;
				CLANG_WARN_NON_LITERAL_NULL_CONVERSION = YES;
				CLANG_WARN_OBJC_IMPLICIT_RETAIN_SELF = YES;
				CLANG_WARN_OBJC_LITERAL_CONVERSION = YES;
				CLANG_WARN_OBJC_ROOT_CLASS = YES_ERROR;
				CLANG_WARN_RANGE_LOOP_ANALYSIS = YES;
				CLANG_WARN_STRICT_PROTOTYPES = YES;
				CLANG_WARN_SUSPICIOUS_MOVE = YES;
				CLANG_WARN_UNGUARDED_AVAILABILITY = YES_AGGRESSIVE;
				CLANG_WARN_UNREACHABLE_CODE = YES;
				CLANG_WARN__DUPLICATE_METHOD_MATCH = YES;
				CODE_SIGN_IDENTITY = "iPhone Developer";
				COPY_PHASE_STRIP = NO;
				DEBUG_INFORMATION_FORMAT = "dwarf-with-dsym";
				ENABLE_NS_ASSERTIONS = NO;
				ENABLE_STRICT_OBJC_MSGSEND = YES;
				GCC_C_LANGUAGE_STANDARD = gnu11;
				GCC_NO_COMMON_BLOCKS = YES;
				GCC_WARN_64_TO_32_BIT_CONVERSION = YES;
				GCC_WARN_ABOUT_RETURN_TYPE = YES_ERROR;
				GCC_WARN_UNDECLARED_SELECTOR = YES;
				GCC_WARN_UNINITIALIZED_AUTOS = YES_AGGRESSIVE;
				GCC_WARN_UNUSED_FUNCTION = YES;
				GCC_WARN_UNUSED_VARIABLE = YES;
				IPHONEOS_DEPLOYMENT_TARGET = 12.4;
				MTL_ENABLE_DEBUG_INFO = NO;
				MTL_FAST_MATH = YES;
				SDKROOT = iphoneos;
				VALIDATE_PRODUCT = YES;
			};
			name = Release;
		};
		8F7475F82304E48A006C1EC0 /* Debug */ = {
			isa = XCBuildConfiguration;
			baseConfigurationReference = 5512C7F66D1B9448035016B4 /* Pods-LoggerDemo.debug.xcconfig */;
			buildSettings = {
				ASSETCATALOG_COMPILER_APPICON_NAME = AppIcon;
				CODE_SIGN_STYLE = Automatic;
				DEVELOPMENT_TEAM = KKC9T8D9X4;
				INFOPLIST_FILE = LoggerDemo/Info.plist;
				IPHONEOS_DEPLOYMENT_TARGET = 12.2;
				LD_RUNPATH_SEARCH_PATHS = (
					"$(inherited)",
					"@executable_path/Frameworks",
				);
				PRODUCT_BUNDLE_IDENTIFIER = com.sunxiaoshan.LoggerDemo;
				PRODUCT_NAME = "$(TARGET_NAME)";
				TARGETED_DEVICE_FAMILY = "1,2";
			};
			name = Debug;
		};
		8F7475F92304E48A006C1EC0 /* Release */ = {
			isa = XCBuildConfiguration;
			baseConfigurationReference = 0221616BA7063C3E15A212E7 /* Pods-LoggerDemo.release.xcconfig */;
			buildSettings = {
				ASSETCATALOG_COMPILER_APPICON_NAME = AppIcon;
				CODE_SIGN_STYLE = Automatic;
				DEVELOPMENT_TEAM = KKC9T8D9X4;
				INFOPLIST_FILE = LoggerDemo/Info.plist;
				IPHONEOS_DEPLOYMENT_TARGET = 12.2;
				LD_RUNPATH_SEARCH_PATHS = (
					"$(inherited)",
					"@executable_path/Frameworks",
				);
				PRODUCT_BUNDLE_IDENTIFIER = com.sunxiaoshan.LoggerDemo;
				PRODUCT_NAME = "$(TARGET_NAME)";
				TARGETED_DEVICE_FAMILY = "1,2";
			};
			name = Release;
		};
/* End XCBuildConfiguration section */

/* Begin XCConfigurationList section */
		8F7475DC2304E487006C1EC0 /* Build configuration list for PBXProject "LoggerDemo" */ = {
			isa = XCConfigurationList;
			buildConfigurations = (
				8F7475F52304E48A006C1EC0 /* Debug */,
				8F7475F62304E48A006C1EC0 /* Release */,
			);
			defaultConfigurationIsVisible = 0;
			defaultConfigurationName = Release;
		};
		8F7475F72304E48A006C1EC0 /* Build configuration list for PBXNativeTarget "LoggerDemo" */ = {
			isa = XCConfigurationList;
			buildConfigurations = (
				8F7475F82304E48A006C1EC0 /* Debug */,
				8F7475F92304E48A006C1EC0 /* Release */,
			);
			defaultConfigurationIsVisible = 0;
			defaultConfigurationName = Release;
		};
/* End XCConfigurationList section */
	};
	rootObject = 8F7475D92304E487006C1EC0 /* Project object */;
}
